// !$*UTF8*$!
{
	archiveVersion = 1;
	classes = {
	};
	objectVersion = 77;
	objects = {

/* Begin PBXContainerItemProxy section */
		BFDBB0A62D9EA50D008B28BE /* PBXContainerItemProxy */ = {
			isa = PBXContainerItemProxy;
			containerPortal = BFDBB08D2D9EA50C008B28BE /* Project object */;
			proxyType = 1;
			remoteGlobalIDString = BFDBB0942D9EA50C008B28BE;
			remoteInfo = NavigationStackActivity;
		};
		BFDBB0B02D9EA50D008B28BE /* PBXContainerItemProxy */ = {
			isa = PBXContainerItemProxy;
			containerPortal = BFDBB08D2D9EA50C008B28BE /* Project object */;
			proxyType = 1;
			remoteGlobalIDString = BFDBB0942D9EA50C008B28BE;
			remoteInfo = NavigationStackActivity;
		};
/* End PBXContainerItemProxy section */

/* Begin PBXFileReference section */
		BFDBB0952D9EA50C008B28BE /* NavigationStackActivity.app */ = {isa = PBXFileReference; explicitFileType = wrapper.application; includeInIndex = 0; path = NavigationStackActivity.app; sourceTree = BUILT_PRODUCTS_DIR; };
		BFDBB0A52D9EA50D008B28BE /* NavigationStackActivityTests.xctest */ = {isa = PBXFileReference; explicitFileType = wrapper.cfbundle; includeInIndex = 0; path = NavigationStackActivityTests.xctest; sourceTree = BUILT_PRODUCTS_DIR; };
		BFDBB0AF2D9EA50D008B28BE /* NavigationStackActivityUITests.xctest */ = {isa = PBXFileReference; explicitFileType = wrapper.cfbundle; includeInIndex = 0; path = NavigationStackActivityUITests.xctest; sourceTree = BUILT_PRODUCTS_DIR; };
/* End PBXFileReference section */

/* Begin PBXFileSystemSynchronizedRootGroup section */
		BFDBB0972D9EA50C008B28BE /* NavigationStackActivity */ = {
			isa = PBXFileSystemSynchronizedRootGroup;
			path = NavigationStackActivity;
			sourceTree = "<group>";
		};
		BFDBB0A82D9EA50D008B28BE /* NavigationStackActivityTests */ = {
			isa = PBXFileSystemSynchronizedRootGroup;
			path = NavigationStackActivityTests;
			sourceTree = "<group>";
		};
		BFDBB0B22D9EA50D008B28BE /* NavigationStackActivityUITests */ = {
			isa = PBXFileSystemSynchronizedRootGroup;
			path = NavigationStackActivityUITests;
			sourceTree = "<group>";
		};
/* End PBXFileSystemSynchronizedRootGroup section */

/* Begin PBXFrameworksBuildPhase section */
		BFDBB0922D9EA50C008B28BE /* Frameworks */ = {
			isa = PBXFrameworksBuildPhase;
			buildActionMask = 2147483647;
			files = (
			);
			runOnlyForDeploymentPostprocessing = 0;
		};
		BFDBB0A22D9EA50D008B28BE /* Frameworks */ = {
			isa = PBXFrameworksBuildPhase;
			buildActionMask = 2147483647;
			files = (
			);
			runOnlyForDeploymentPostprocessing = 0;
		};
		BFDBB0AC2D9EA50D008B28BE /* Frameworks */ = {
			isa = PBXFrameworksBuildPhase;
			buildActionMask = 2147483647;
			files = (
			);
			runOnlyForDeploymentPostprocessing = 0;
		};
/* End PBXFrameworksBuildPhase section */

/* Begin PBXGroup section */
		BFDBB08C2D9EA50C008B28BE = {
			isa = PBXGroup;
			children = (
				BFDBB0972D9EA50C008B28BE /* NavigationStackActivity */,
				BFDBB0A82D9EA50D008B28BE /* NavigationStackActivityTests */,
				BFDBB0B22D9EA50D008B28BE /* NavigationStackActivityUITests */,
				BFDBB0962D9EA50C008B28BE /* Products */,
			);
			sourceTree = "<group>";
		};
		BFDBB0962D9EA50C008B28BE /* Products */ = {
			isa = PBXGroup;
			children = (
				BFDBB0952D9EA50C008B28BE /* NavigationStackActivity.app */,
				BFDBB0A52D9EA50D008B28BE /* NavigationStackActivityTests.xctest */,
				BFDBB0AF2D9EA50D008B28BE /* NavigationStackActivityUITests.xctest */,
			);
			name = Products;
			sourceTree = "<group>";
		};
/* End PBXGroup section */

/* Begin PBXNativeTarget section */
		BFDBB0942D9EA50C008B28BE /* NavigationStackActivity */ = {
			isa = PBXNativeTarget;
			buildConfigurationList = BFDBB0B92D9EA50D008B28BE /* Build configuration list for PBXNativeTarget "NavigationStackActivity" */;
			buildPhases = (
				BFDBB0912D9EA50C008B28BE /* Sources */,
				BFDBB0922D9EA50C008B28BE /* Frameworks */,
				BFDBB0932D9EA50C008B28BE /* Resources */,
			);
			buildRules = (
			);
			dependencies = (
			);
			fileSystemSynchronizedGroups = (
				BFDBB0972D9EA50C008B28BE /* NavigationStackActivity */,
			);
			name = NavigationStackActivity;
			packageProductDependencies = (
			);
			productName = NavigationStackActivity;
			productReference = BFDBB0952D9EA50C008B28BE /* NavigationStackActivity.app */;
			productType = "com.apple.product-type.application";
		};
		BFDBB0A42D9EA50D008B28BE /* NavigationStackActivityTests */ = {
			isa = PBXNativeTarget;
			buildConfigurationList = BFDBB0BC2D9EA50D008B28BE /* Build configuration list for PBXNativeTarget "NavigationStackActivityTests" */;
			buildPhases = (
				BFDBB0A12D9EA50D008B28BE /* Sources */,
				BFDBB0A22D9EA50D008B28BE /* Frameworks */,
				BFDBB0A32D9EA50D008B28BE /* Resources */,
			);
			buildRules = (
			);
			dependencies = (
				BFDBB0A72D9EA50D008B28BE /* PBXTargetDependency */,
			);
			fileSystemSynchronizedGroups = (
				BFDBB0A82D9EA50D008B28BE /* NavigationStackActivityTests */,
			);
			name = NavigationStackActivityTests;
			packageProductDependencies = (
			);
			productName = NavigationStackActivityTests;
			productReference = BFDBB0A52D9EA50D008B28BE /* NavigationStackActivityTests.xctest */;
			productType = "com.apple.product-type.bundle.unit-test";
		};
		BFDBB0AE2D9EA50D008B28BE /* NavigationStackActivityUITests */ = {
			isa = PBXNativeTarget;
			buildConfigurationList = BFDBB0BF2D9EA50D008B28BE /* Build configuration list for PBXNativeTarget "NavigationStackActivityUITests" */;
			buildPhases = (
				BFDBB0AB2D9EA50D008B28BE /* Sources */,
				BFDBB0AC2D9EA50D008B28BE /* Frameworks */,
				BFDBB0AD2D9EA50D008B28BE /* Resources */,
			);
			buildRules = (
			);
			dependencies = (
				BFDBB0B12D9EA50D008B28BE /* PBXTargetDependency */,
			);
			fileSystemSynchronizedGroups = (
				BFDBB0B22D9EA50D008B28BE /* NavigationStackActivityUITests */,
			);
			name = NavigationStackActivityUITests;
			packageProductDependencies = (
			);
			productName = NavigationStackActivityUITests;
			productReference = BFDBB0AF2D9EA50D008B28BE /* NavigationStackActivityUITests.xctest */;
			productType = "com.apple.product-type.bundle.ui-testing";
		};
/* End PBXNativeTarget section */

/* Begin PBXProject section */
		BFDBB08D2D9EA50C008B28BE /* Project object */ = {
			isa = PBXProject;
			attributes = {
				BuildIndependentTargetsInParallel = 1;
				LastSwiftUpdateCheck = 1620;
				LastUpgradeCheck = 1620;
				TargetAttributes = {
					BFDBB0942D9EA50C008B28BE = {
						CreatedOnToolsVersion = 16.2;
					};
					BFDBB0A42D9EA50D008B28BE = {
						CreatedOnToolsVersion = 16.2;
						TestTargetID = BFDBB0942D9EA50C008B28BE;
					};
					BFDBB0AE2D9EA50D008B28BE = {
						CreatedOnToolsVersion = 16.2;
						TestTargetID = BFDBB0942D9EA50C008B28BE;
					};
				};
			};
			buildConfigurationList = BFDBB0902D9EA50C008B28BE /* Build configuration list for PBXProject "NavigationStackActivity" */;
			developmentRegion = en;
			hasScannedForEncodings = 0;
			knownRegions = (
				en,
				Base,
			);
			mainGroup = BFDBB08C2D9EA50C008B28BE;
			minimizedProjectReferenceProxies = 1;
			preferredProjectObjectVersion = 77;
			productRefGroup = BFDBB0962D9EA50C008B28BE /* Products */;
			projectDirPath = "";
			projectRoot = "";
			targets = (
				BFDBB0942D9EA50C008B28BE /* NavigationStackActivity */,
				BFDBB0A42D9EA50D008B28BE /* NavigationStackActivityTests */,
				BFDBB0AE2D9EA50D008B28BE /* NavigationStackActivityUITests */,
			);
		};
/* End PBXProject section */

/* Begin PBXResourcesBuildPhase section */
		BFDBB0932D9EA50C008B28BE /* Resources */ = {
			isa = PBXResourcesBuildPhase;
			buildActionMask = 2147483647;
			files = (
			);
			runOnlyForDeploymentPostprocessing = 0;
		};
		BFDBB0A32D9EA50D008B28BE /* Resources */ = {
			isa = PBXResourcesBuildPhase;
			buildActionMask = 2147483647;
			files = (
			);
			runOnlyForDeploymentPostprocessing = 0;
		};
		BFDBB0AD2D9EA50D008B28BE /* Resources */ = {
			isa = PBXResourcesBuildPhase;
			buildActionMask = 2147483647;
			files = (
			);
			runOnlyForDeploymentPostprocessing = 0;
		};
/* End PBXResourcesBuildPhase section */

/* Begin PBXSourcesBuildPhase section */
		BFDBB0912D9EA50C008B28BE /* Sources */ = {
			isa = PBXSourcesBuildPhase;
			buildActionMask = 2147483647;
			files = (
			);
			runOnlyForDeploymentPostprocessing = 0;
		};
		BFDBB0A12D9EA50D008B28BE /* Sources */ = {
			isa = PBXSourcesBuildPhase;
			buildActionMask = 2147483647;
			files = (
			);
			runOnlyForDeploymentPostprocessing = 0;
		};
		BFDBB0AB2D9EA50D008B28BE /* Sources */ = {
			isa = PBXSourcesBuildPhase;
			buildActionMask = 2147483647;
			files = (
			);
			runOnlyForDeploymentPostprocessing = 0;
		};
/* End PBXSourcesBuildPhase section */

/* Begin PBXTargetDependency section */
		BFDBB0A72D9EA50D008B28BE /* PBXTargetDependency */ = {
			isa = PBXTargetDependency;
			target = BFDBB0942D9EA50C008B28BE /* NavigationStackActivity */;
			targetProxy = BFDBB0A62D9EA50D008B28BE /* PBXContainerItemProxy */;
		};
		BFDBB0B12D9EA50D008B28BE /* PBXTargetDependency */ = {
			isa = PBXTargetDependency;
			target = BFDBB0942D9EA50C008B28BE /* NavigationStackActivity */;
			targetProxy = BFDBB0B02D9EA50D008B28BE /* PBXContainerItemProxy */;
		};
/* End PBXTargetDependency section */

/* Begin XCBuildConfiguration section */
		BFDBB0B72D9EA50D008B28BE /* Debug */ = {
			isa = XCBuildConfiguration;
			buildSettings = {
				ALWAYS_SEARCH_USER_PATHS = NO;
				ASSETCATALOG_COMPILER_GENERATE_SWIFT_ASSET_SYMBOL_EXTENSIONS = YES;
				CLANG_ANALYZER_NONNULL = YES;
				CLANG_ANALYZER_NUMBER_OBJECT_CONVERSION = YES_AGGRESSIVE;
				CLANG_CXX_LANGUAGE_STANDARD = "gnu++20";
				CLANG_ENABLE_MODULES = YES;
				CLANG_ENABLE_OBJC_ARC = YES;
				CLANG_ENABLE_OBJC_WEAK = YES;
				CLANG_WARN_BLOCK_CAPTURE_AUTORELEASING = YES;
				CLANG_WARN_BOOL_CONVERSION = YES;
				CLANG_WARN_COMMA = YES;
				CLANG_WARN_CONSTANT_CONVERSION = YES;
				CLANG_WARN_DEPRECATED_OBJC_IMPLEMENTATIONS = YES;
				CLANG_WARN_DIRECT_OBJC_ISA_USAGE = YES_ERROR;
				CLANG_WARN_DOCUMENTATION_COMMENTS = YES;
				CLANG_WARN_EMPTY_BODY = YES;
				CLANG_WARN_ENUM_CONVERSION = YES;
				CLANG_WARN_INFINITE_RECURSION = YES;
				CLANG_WARN_INT_CONVERSION = YES;
				CLANG_WARN_NON_LITERAL_NULL_CONVERSION = YES;
				CLANG_WARN_OBJC_IMPLICIT_RETAIN_SELF = YES;
				CLANG_WARN_OBJC_LITERAL_CONVERSION = YES;
				CLANG_WARN_OBJC_ROOT_CLASS = YES_ERROR;
				CLANG_WARN_QUOTED_INCLUDE_IN_FRAMEWORK_HEADER = YES;
				CLANG_WARN_RANGE_LOOP_ANALYSIS = YES;
				CLANG_WARN_STRICT_PROTOTYPES = YES;
				CLANG_WARN_SUSPICIOUS_MOVE = YES;
				CLANG_WARN_UNGUARDED_AVAILABILITY = YES_AGGRESSIVE;
				CLANG_WARN_UNREACHABLE_CODE = YES;
				CLANG_WARN__DUPLICATE_METHOD_MATCH = YES;
				COPY_PHASE_STRIP = NO;
				DEBUG_INFORMATION_FORMAT = dwarf;
				ENABLE_STRICT_OBJC_MSGSEND = YES;
				ENABLE_TESTABILITY = YES;
				ENABLE_USER_SCRIPT_SANDBOXING = YES;
				GCC_C_LANGUAGE_STANDARD = gnu17;
				GCC_DYNAMIC_NO_PIC = NO;
				GCC_NO_COMMON_BLOCKS = YES;
				GCC_OPTIMIZATION_LEVEL = 0;
				GCC_PREPROCESSOR_DEFINITIONS = (
					"DEBUG=1",
					"$(inherited)",
				);
				GCC_WARN_64_TO_32_BIT_CONVERSION = YES;
				GCC_WARN_ABOUT_RETURN_TYPE = YES_ERROR;
				GCC_WARN_UNDECLARED_SELECTOR = YES;
				GCC_WARN_UNINITIALIZED_AUTOS = YES_AGGRESSIVE;
				GCC_WARN_UNUSED_FUNCTION = YES;
				GCC_WARN_UNUSED_VARIABLE = YES;
				IPHONEOS_DEPLOYMENT_TARGET = 18.2;
				LOCALIZATION_PREFERS_STRING_CATALOGS = YES;
				MTL_ENABLE_DEBUG_INFO = INCLUDE_SOURCE;
				MTL_FAST_MATH = YES;
				ONLY_ACTIVE_ARCH = YES;
				SDKROOT = iphoneos;
				SWIFT_ACTIVE_COMPILATION_CONDITIONS = "DEBUG $(inherited)";
				SWIFT_OPTIMIZATION_LEVEL = "-Onone";
			};
			name = Debug;
		};
		BFDBB0B82D9EA50D008B28BE /* Release */ = {
			isa = XCBuildConfiguration;
			buildSettings = {
				ALWAYS_SEARCH_USER_PATHS = NO;
				ASSETCATALOG_COMPILER_GENERATE_SWIFT_ASSET_SYMBOL_EXTENSIONS = YES;
				CLANG_ANALYZER_NONNULL = YES;
				CLANG_ANALYZER_NUMBER_OBJECT_CONVERSION = YES_AGGRESSIVE;
				CLANG_CXX_LANGUAGE_STANDARD = "gnu++20";
				CLANG_ENABLE_MODULES = YES;
				CLANG_ENABLE_OBJC_ARC = YES;
				CLANG_ENABLE_OBJC_WEAK = YES;
				CLANG_WARN_BLOCK_CAPTURE_AUTORELEASING = YES;
				CLANG_WARN_BOOL_CONVERSION = YES;
				CLANG_WARN_COMMA = YES;
				CLANG_WARN_CONSTANT_CONVERSION = YES;
				CLANG_WARN_DEPRECATED_OBJC_IMPLEMENTATIONS = YES;
				CLANG_WARN_DIRECT_OBJC_ISA_USAGE = YES_ERROR;
				CLANG_WARN_DOCUMENTATION_COMMENTS = YES;
				CLANG_WARN_EMPTY_BODY = YES;
				CLANG_WARN_ENUM_CONVERSION = YES;
				CLANG_WARN_INFINITE_RECURSION = YES;
				CLANG_WARN_INT_CONVERSION = YES;
				CLANG_WARN_NON_LITERAL_NULL_CONVERSION = YES;
				CLANG_WARN_OBJC_IMPLICIT_RETAIN_SELF = YES;
				CLANG_WARN_OBJC_LITERAL_CONVERSION = YES;
				CLANG_WARN_OBJC_ROOT_CLASS = YES_ERROR;
				CLANG_WARN_QUOTED_INCLUDE_IN_FRAMEWORK_HEADER = YES;
				CLANG_WARN_RANGE_LOOP_ANALYSIS = YES;
				CLANG_WARN_STRICT_PROTOTYPES = YES;
				CLANG_WARN_SUSPICIOUS_MOVE = YES;
				CLANG_WARN_UNGUARDED_AVAILABILITY = YES_AGGRESSIVE;
				CLANG_WARN_UNREACHABLE_CODE = YES;
				CLANG_WARN__DUPLICATE_METHOD_MATCH = YES;
				COPY_PHASE_STRIP = NO;
				DEBUG_INFORMATION_FORMAT = "dwarf-with-dsym";
				ENABLE_NS_ASSERTIONS = NO;
				ENABLE_STRICT_OBJC_MSGSEND = YES;
				ENABLE_USER_SCRIPT_SANDBOXING = YES;
				GCC_C_LANGUAGE_STANDARD = gnu17;
				GCC_NO_COMMON_BLOCKS = YES;
				GCC_WARN_64_TO_32_BIT_CONVERSION = YES;
				GCC_WARN_ABOUT_RETURN_TYPE = YES_ERROR;
				GCC_WARN_UNDECLARED_SELECTOR = YES;
				GCC_WARN_UNINITIALIZED_AUTOS = YES_AGGRESSIVE;
				GCC_WARN_UNUSED_FUNCTION = YES;
				GCC_WARN_UNUSED_VARIABLE = YES;
				IPHONEOS_DEPLOYMENT_TARGET = 18.2;
				LOCALIZATION_PREFERS_STRING_CATALOGS = YES;
				MTL_ENABLE_DEBUG_INFO = NO;
				MTL_FAST_MATH = YES;
				SDKROOT = iphoneos;
				SWIFT_COMPILATION_MODE = wholemodule;
				VALIDATE_PRODUCT = YES;
			};
			name = Release;
		};
		BFDBB0BA2D9EA50D008B28BE /* Debug */ = {
			isa = XCBuildConfiguration;
			buildSettings = {
				ASSETCATALOG_COMPILER_APPICON_NAME = AppIcon;
				ASSETCATALOG_COMPILER_GLOBAL_ACCENT_COLOR_NAME = AccentColor;
				CODE_SIGN_STYLE = Automatic;
				CURRENT_PROJECT_VERSION = 1;
				DEVELOPMENT_ASSET_PATHS = "\"NavigationStackActivity/Preview Content\"";
				DEVELOPMENT_TEAM = MYG92X5P93;
				ENABLE_PREVIEWS = YES;
				GENERATE_INFOPLIST_FILE = YES;
				INFOPLIST_KEY_UIApplicationSceneManifest_Generation = YES;
				INFOPLIST_KEY_UIApplicationSupportsIndirectInputEvents = YES;
				INFOPLIST_KEY_UILaunchScreen_Generation = YES;
				INFOPLIST_KEY_UISupportedInterfaceOrientations_iPad = "UIInterfaceOrientationPortrait UIInterfaceOrientationPortraitUpsideDown UIInterfaceOrientationLandscapeLeft UIInterfaceOrientationLandscapeRight";
				INFOPLIST_KEY_UISupportedInterfaceOrientations_iPhone = "UIInterfaceOrientationPortrait UIInterfaceOrientationLandscapeLeft UIInterfaceOrientationLandscapeRight";
				LD_RUNPATH_SEARCH_PATHS = (
					"$(inherited)",
					"@executable_path/Frameworks",
				);
				MARKETING_VERSION = 1.0;
				PRODUCT_BUNDLE_IDENTIFIER = "Aryan-QL.NavigationStackActivity";
				PRODUCT_NAME = "$(TARGET_NAME)";
				SWIFT_EMIT_LOC_STRINGS = YES;
				SWIFT_VERSION = 5.0;
				TARGETED_DEVICE_FAMILY = "1,2";
			};
			name = Debug;
		};
		BFDBB0BB2D9EA50D008B28BE /* Release */ = {
			isa = XCBuildConfiguration;
			buildSettings = {
				ASSETCATALOG_COMPILER_APPICON_NAME = AppIcon;
				ASSETCATALOG_COMPILER_GLOBAL_ACCENT_COLOR_NAME = AccentColor;
				CODE_SIGN_STYLE = Automatic;
				CURRENT_PROJECT_VERSION = 1;
				DEVELOPMENT_ASSET_PATHS = "\"NavigationStackActivity/Preview Content\"";
				DEVELOPMENT_TEAM = MYG92X5P93;
				ENABLE_PREVIEWS = YES;
				GENERATE_INFOPLIST_FILE = YES;
				INFOPLIST_KEY_UIApplicationSceneManifest_Generation = YES;
				INFOPLIST_KEY_UIApplicationSupportsIndirectInputEvents = YES;
				INFOPLIST_KEY_UILaunchScreen_Generation = YES;
				INFOPLIST_KEY_UISupportedInterfaceOrientations_iPad = "UIInterfaceOrientationPortrait UIInterfaceOrientationPortraitUpsideDown UIInterfaceOrientationLandscapeLeft UIInterfaceOrientationLandscapeRight";
				INFOPLIST_KEY_UISupportedInterfaceOrientations_iPhone = "UIInterfaceOrientationPortrait UIInterfaceOrientationLandscapeLeft UIInterfaceOrientationLandscapeRight";
				LD_RUNPATH_SEARCH_PATHS = (
					"$(inherited)",
					"@executable_path/Frameworks",
				);
				MARKETING_VERSION = 1.0;
				PRODUCT_BUNDLE_IDENTIFIER = "Aryan-QL.NavigationStackActivity";
				PRODUCT_NAME = "$(TARGET_NAME)";
				SWIFT_EMIT_LOC_STRINGS = YES;
				SWIFT_VERSION = 5.0;
				TARGETED_DEVICE_FAMILY = "1,2";
			};
			name = Release;
		};
		BFDBB0BD2D9EA50D008B28BE /* Debug */ = {
			isa = XCBuildConfiguration;
			buildSettings = {
				BUNDLE_LOADER = "$(TEST_HOST)";
				CODE_SIGN_STYLE = Automatic;
				CURRENT_PROJECT_VERSION = 1;
				DEVELOPMENT_TEAM = MYG92X5P93;
				GENERATE_INFOPLIST_FILE = YES;
				IPHONEOS_DEPLOYMENT_TARGET = 18.2;
				MARKETING_VERSION = 1.0;
				PRODUCT_BUNDLE_IDENTIFIER = "Aryan-QL.NavigationStackActivityTests";
				PRODUCT_NAME = "$(TARGET_NAME)";
				SWIFT_EMIT_LOC_STRINGS = NO;
				SWIFT_VERSION = 5.0;
				TARGETED_DEVICE_FAMILY = "1,2";
				TEST_HOST = "$(BUILT_PRODUCTS_DIR)/NavigationStackActivity.app/$(BUNDLE_EXECUTABLE_FOLDER_PATH)/NavigationStackActivity";
			};
			name = Debug;
		};
		BFDBB0BE2D9EA50D008B28BE /* Release */ = {
			isa = XCBuildConfiguration;
			buildSettings = {
				BUNDLE_LOADER = "$(TEST_HOST)";
				CODE_SIGN_STYLE = Automatic;
				CURRENT_PROJECT_VERSION = 1;
				DEVELOPMENT_TEAM = MYG92X5P93;
				GENERATE_INFOPLIST_FILE = YES;
				IPHONEOS_DEPLOYMENT_TARGET = 18.2;
				MARKETING_VERSION = 1.0;
				PRODUCT_BUNDLE_IDENTIFIER = "Aryan-QL.NavigationStackActivityTests";
				PRODUCT_NAME = "$(TARGET_NAME)";
				SWIFT_EMIT_LOC_STRINGS = NO;
				SWIFT_VERSION = 5.0;
				TARGETED_DEVICE_FAMILY = "1,2";
				TEST_HOST = "$(BUILT_PRODUCTS_DIR)/NavigationStackActivity.app/$(BUNDLE_EXECUTABLE_FOLDER_PATH)/NavigationStackActivity";
			};
			name = Release;
		};
		BFDBB0C02D9EA50D008B28BE /* Debug */ = {
			isa = XCBuildConfiguration;
			buildSettings = {
				CODE_SIGN_STYLE = Automatic;
				CURRENT_PROJECT_VERSION = 1;
				DEVELOPMENT_TEAM = MYG92X5P93;
				GENERATE_INFOPLIST_FILE = YES;
				MARKETING_VERSION = 1.0;
				PRODUCT_BUNDLE_IDENTIFIER = "Aryan-QL.NavigationStackActivityUITests";
				PRODUCT_NAME = "$(TARGET_NAME)";
				SWIFT_EMIT_LOC_STRINGS = NO;
				SWIFT_VERSION = 5.0;
				TARGETED_DEVICE_FAMILY = "1,2";
				TEST_TARGET_NAME = NavigationStackActivity;
			};
			name = Debug;
		};
		BFDBB0C12D9EA50D008B28BE /* Release */ = {
			isa = XCBuildConfiguration;
			buildSettings = {
				CODE_SIGN_STYLE = Automatic;
				CURRENT_PROJECT_VERSION = 1;
				DEVELOPMENT_TEAM = MYG92X5P93;
				GENERATE_INFOPLIST_FILE = YES;
				MARKETING_VERSION = 1.0;
				PRODUCT_BUNDLE_IDENTIFIER = "Aryan-QL.NavigationStackActivityUITests";
				PRODUCT_NAME = "$(TARGET_NAME)";
				SWIFT_EMIT_LOC_STRINGS = NO;
				SWIFT_VERSION = 5.0;
				TARGETED_DEVICE_FAMILY = "1,2";
				TEST_TARGET_NAME = NavigationStackActivity;
			};
			name = Release;
		};
/* End XCBuildConfiguration section */

/* Begin XCConfigurationList section */
		BFDBB0902D9EA50C008B28BE /* Build configuration list for PBXProject "NavigationStackActivity" */ = {
			isa = XCConfigurationList;
			buildConfigurations = (
				BFDBB0B72D9EA50D008B28BE /* Debug */,
				BFDBB0B82D9EA50D008B28BE /* Release */,
			);
			defaultConfigurationIsVisible = 0;
			defaultConfigurationName = Release;
		};
		BFDBB0B92D9EA50D008B28BE /* Build configuration list for PBXNativeTarget "NavigationStackActivity" */ = {
			isa = XCConfigurationList;
			buildConfigurations = (
				BFDBB0BA2D9EA50D008B28BE /* Debug */,
				BFDBB0BB2D9EA50D008B28BE /* Release */,
			);
			defaultConfigurationIsVisible = 0;
			defaultConfigurationName = Release;
		};
		BFDBB0BC2D9EA50D008B28BE /* Build configuration list for PBXNativeTarget "NavigationStackActivityTests" */ = {
			isa = XCConfigurationList;
			buildConfigurations = (
				BFDBB0BD2D9EA50D008B28BE /* Debug */,
				BFDBB0BE2D9EA50D008B28BE /* Release */,
			);
			defaultConfigurationIsVisible = 0;
			defaultConfigurationName = Release;
		};
		BFDBB0BF2D9EA50D008B28BE /* Build configuration list for PBXNativeTarget "NavigationStackActivityUITests" */ = {
			isa = XCConfigurationList;
			buildConfigurations = (
				BFDBB0C02D9EA50D008B28BE /* Debug */,
				BFDBB0C12D9EA50D008B28BE /* Release */,
			);
			defaultConfigurationIsVisible = 0;
			defaultConfigurationName = Release;
		};
/* End XCConfigurationList section */
	};
	rootObject = BFDBB08D2D9EA50C008B28BE /* Project object */;
}
