// !$*UTF8*$!
{
	archiveVersion = 1;
	classes = {
	};
	objectVersion = 77;
	objects = {

/* Begin PBXContainerItemProxy section */
		BFDE99952DA934CA009F73E9 /* PBXContainerItemProxy */ = {
			isa = PBXContainerItemProxy;
			containerPortal = BFDE997C2DA934C9009F73E9 /* Project object */;
			proxyType = 1;
			remoteGlobalIDString = BFDE99832DA934C9009F73E9;
			remoteInfo = "Sports-Sync-App";
		};
		BFDE999F2DA934CA009F73E9 /* PBXContainerItemProxy */ = {
			isa = PBXContainerItemProxy;
			containerPortal = BFDE997C2DA934C9009F73E9 /* Project object */;
			proxyType = 1;
			remoteGlobalIDString = BFDE99832DA934C9009F73E9;
			remoteInfo = "Sports-Sync-App";
		};
/* End PBXContainerItemProxy section */

/* Begin PBXFileReference section */
		BFDE99842DA934C9009F73E9 /* Sports-Sync-App.app */ = {isa = PBXFileReference; explicitFileType = wrapper.application; includeInIndex = 0; path = "Sports-Sync-App.app"; sourceTree = BUILT_PRODUCTS_DIR; };
		BFDE99942DA934CA009F73E9 /* Sports-Sync-AppTests.xctest */ = {isa = PBXFileReference; explicitFileType = wrapper.cfbundle; includeInIndex = 0; path = "Sports-Sync-AppTests.xctest"; sourceTree = BUILT_PRODUCTS_DIR; };
		BFDE999E2DA934CA009F73E9 /* Sports-Sync-AppUITests.xctest */ = {isa = PBXFileReference; explicitFileType = wrapper.cfbundle; includeInIndex = 0; path = "Sports-Sync-AppUITests.xctest"; sourceTree = BUILT_PRODUCTS_DIR; };
/* End PBXFileReference section */

/* Begin PBXFileSystemSynchronizedRootGroup section */
		BFDE99862DA934C9009F73E9 /* Sports-Sync-App */ = {
			isa = PBXFileSystemSynchronizedRootGroup;
			path = "Sports-Sync-App";
			sourceTree = "<group>";
		};
		BFDE99972DA934CA009F73E9 /* Sports-Sync-AppTests */ = {
			isa = PBXFileSystemSynchronizedRootGroup;
			path = "Sports-Sync-AppTests";
			sourceTree = "<group>";
		};
		BFDE99A12DA934CA009F73E9 /* Sports-Sync-AppUITests */ = {
			isa = PBXFileSystemSynchronizedRootGroup;
			path = "Sports-Sync-AppUITests";
			sourceTree = "<group>";
		};
/* End PBXFileSystemSynchronizedRootGroup section */

/* Begin PBXFrameworksBuildPhase section */
		BFDE99812DA934C9009F73E9 /* Frameworks */ = {
			isa = PBXFrameworksBuildPhase;
			buildActionMask = 2147483647;
			files = (
			);
			runOnlyForDeploymentPostprocessing = 0;
		};
		BFDE99912DA934CA009F73E9 /* Frameworks */ = {
			isa = PBXFrameworksBuildPhase;
			buildActionMask = 2147483647;
			files = (
			);
			runOnlyForDeploymentPostprocessing = 0;
		};
		BFDE999B2DA934CA009F73E9 /* Frameworks */ = {
			isa = PBXFrameworksBuildPhase;
			buildActionMask = 2147483647;
			files = (
			);
			runOnlyForDeploymentPostprocessing = 0;
		};
/* End PBXFrameworksBuildPhase section */

/* Begin PBXGroup section */
		BFDE997B2DA934C9009F73E9 = {
			isa = PBXGroup;
			children = (
				BFDE99862DA934C9009F73E9 /* Sports-Sync-App */,
				BFDE99972DA934CA009F73E9 /* Sports-Sync-AppTests */,
				BFDE99A12DA934CA009F73E9 /* Sports-Sync-AppUITests */,
				BFDE99852DA934C9009F73E9 /* Products */,
			);
			sourceTree = "<group>";
		};
		BFDE99852DA934C9009F73E9 /* Products */ = {
			isa = PBXGroup;
			children = (
				BFDE99842DA934C9009F73E9 /* Sports-Sync-App.app */,
				BFDE99942DA934CA009F73E9 /* Sports-Sync-AppTests.xctest */,
				BFDE999E2DA934CA009F73E9 /* Sports-Sync-AppUITests.xctest */,
			);
			name = Products;
			sourceTree = "<group>";
		};
/* End PBXGroup section */

/* Begin PBXNativeTarget section */
		BFDE99832DA934C9009F73E9 /* Sports-Sync-App */ = {
			isa = PBXNativeTarget;
			buildConfigurationList = BFDE99A82DA934CA009F73E9 /* Build configuration list for PBXNativeTarget "Sports-Sync-App" */;
			buildPhases = (
				BFDE99802DA934C9009F73E9 /* Sources */,
				BFDE99812DA934C9009F73E9 /* Frameworks */,
				BFDE99822DA934C9009F73E9 /* Resources */,
			);
			buildRules = (
			);
			dependencies = (
			);
			fileSystemSynchronizedGroups = (
				BFDE99862DA934C9009F73E9 /* Sports-Sync-App */,
			);
			name = "Sports-Sync-App";
			packageProductDependencies = (
			);
			productName = "Sports-Sync-App";
			productReference = BFDE99842DA934C9009F73E9 /* Sports-Sync-App.app */;
			productType = "com.apple.product-type.application";
		};
		BFDE99932DA934CA009F73E9 /* Sports-Sync-AppTests */ = {
			isa = PBXNativeTarget;
			buildConfigurationList = BFDE99AB2DA934CA009F73E9 /* Build configuration list for PBXNativeTarget "Sports-Sync-AppTests" */;
			buildPhases = (
				BFDE99902DA934CA009F73E9 /* Sources */,
				BFDE99912DA934CA009F73E9 /* Frameworks */,
				BFDE99922DA934CA009F73E9 /* Resources */,
			);
			buildRules = (
			);
			dependencies = (
				BFDE99962DA934CA009F73E9 /* PBXTargetDependency */,
			);
			fileSystemSynchronizedGroups = (
				BFDE99972DA934CA009F73E9 /* Sports-Sync-AppTests */,
			);
			name = "Sports-Sync-AppTests";
			packageProductDependencies = (
			);
			productName = "Sports-Sync-AppTests";
			productReference = BFDE99942DA934CA009F73E9 /* Sports-Sync-AppTests.xctest */;
			productType = "com.apple.product-type.bundle.unit-test";
		};
		BFDE999D2DA934CA009F73E9 /* Sports-Sync-AppUITests */ = {
			isa = PBXNativeTarget;
			buildConfigurationList = BFDE99AE2DA934CA009F73E9 /* Build configuration list for PBXNativeTarget "Sports-Sync-AppUITests" */;
			buildPhases = (
				BFDE999A2DA934CA009F73E9 /* Sources */,
				BFDE999B2DA934CA009F73E9 /* Frameworks */,
				BFDE999C2DA934CA009F73E9 /* Resources */,
			);
			buildRules = (
			);
			dependencies = (
				BFDE99A02DA934CA009F73E9 /* PBXTargetDependency */,
			);
			fileSystemSynchronizedGroups = (
				BFDE99A12DA934CA009F73E9 /* Sports-Sync-AppUITests */,
			);
			name = "Sports-Sync-AppUITests";
			packageProductDependencies = (
			);
			productName = "Sports-Sync-AppUITests";
			productReference = BFDE999E2DA934CA009F73E9 /* Sports-Sync-AppUITests.xctest */;
			productType = "com.apple.product-type.bundle.ui-testing";
		};
/* End PBXNativeTarget section */

/* Begin PBXProject section */
		BFDE997C2DA934C9009F73E9 /* Project object */ = {
			isa = PBXProject;
			attributes = {
				BuildIndependentTargetsInParallel = 1;
				LastSwiftUpdateCheck = 1620;
				LastUpgradeCheck = 1620;
				TargetAttributes = {
					BFDE99832DA934C9009F73E9 = {
						CreatedOnToolsVersion = 16.2;
					};
					BFDE99932DA934CA009F73E9 = {
						CreatedOnToolsVersion = 16.2;
						TestTargetID = BFDE99832DA934C9009F73E9;
					};
					BFDE999D2DA934CA009F73E9 = {
						CreatedOnToolsVersion = 16.2;
						TestTargetID = BFDE99832DA934C9009F73E9;
					};
				};
			};
			buildConfigurationList = BFDE997F2DA934C9009F73E9 /* Build configuration list for PBXProject "Sports-Sync-App" */;
			developmentRegion = en;
			hasScannedForEncodings = 0;
			knownRegions = (
				en,
				Base,
			);
			mainGroup = BFDE997B2DA934C9009F73E9;
			minimizedProjectReferenceProxies = 1;
			preferredProjectObjectVersion = 77;
			productRefGroup = BFDE99852DA934C9009F73E9 /* Products */;
			projectDirPath = "";
			projectRoot = "";
			targets = (
				BFDE99832DA934C9009F73E9 /* Sports-Sync-App */,
				BFDE99932DA934CA009F73E9 /* Sports-Sync-AppTests */,
				BFDE999D2DA934CA009F73E9 /* Sports-Sync-AppUITests */,
			);
		};
/* End PBXProject section */

/* Begin PBXResourcesBuildPhase section */
		BFDE99822DA934C9009F73E9 /* Resources */ = {
			isa = PBXResourcesBuildPhase;
			buildActionMask = 2147483647;
			files = (
			);
			runOnlyForDeploymentPostprocessing = 0;
		};
		BFDE99922DA934CA009F73E9 /* Resources */ = {
			isa = PBXResourcesBuildPhase;
			buildActionMask = 2147483647;
			files = (
			);
			runOnlyForDeploymentPostprocessing = 0;
		};
		BFDE999C2DA934CA009F73E9 /* Resources */ = {
			isa = PBXResourcesBuildPhase;
			buildActionMask = 2147483647;
			files = (
			);
			runOnlyForDeploymentPostprocessing = 0;
		};
/* End PBXResourcesBuildPhase section */

/* Begin PBXSourcesBuildPhase section */
		BFDE99802DA934C9009F73E9 /* Sources */ = {
			isa = PBXSourcesBuildPhase;
			buildActionMask = 2147483647;
			files = (
			);
			runOnlyForDeploymentPostprocessing = 0;
		};
		BFDE99902DA934CA009F73E9 /* Sources */ = {
			isa = PBXSourcesBuildPhase;
			buildActionMask = 2147483647;
			files = (
			);
			runOnlyForDeploymentPostprocessing = 0;
		};
		BFDE999A2DA934CA009F73E9 /* Sources */ = {
			isa = PBXSourcesBuildPhase;
			buildActionMask = 2147483647;
			files = (
			);
			runOnlyForDeploymentPostprocessing = 0;
		};
/* End PBXSourcesBuildPhase section */

/* Begin PBXTargetDependency section */
		BFDE99962DA934CA009F73E9 /* PBXTargetDependency */ = {
			isa = PBXTargetDependency;
			target = BFDE99832DA934C9009F73E9 /* Sports-Sync-App */;
			targetProxy = BFDE99952DA934CA009F73E9 /* PBXContainerItemProxy */;
		};
		BFDE99A02DA934CA009F73E9 /* PBXTargetDependency */ = {
			isa = PBXTargetDependency;
			target = BFDE99832DA934C9009F73E9 /* Sports-Sync-App */;
			targetProxy = BFDE999F2DA934CA009F73E9 /* PBXContainerItemProxy */;
		};
/* End PBXTargetDependency section */

/* Begin XCBuildConfiguration section */
		BFDE99A62DA934CA009F73E9 /* Debug */ = {
			isa = XCBuildConfiguration;
			buildSettings = {
				ALWAYS_SEARCH_USER_PATHS = NO;
				ASSETCATALOG_COMPILER_GENERATE_SWIFT_ASSET_SYMBOL_EXTENSIONS = YES;
				CLANG_ANALYZER_NONNULL = YES;
				CLANG_ANALYZER_NUMBER_OBJECT_CONVERSION = YES_AGGRESSIVE;
				CLANG_CXX_LANGUAGE_STANDARD = "gnu++20";
				CLANG_ENABLE_MODULES = YES;
				CLANG_ENABLE_OBJC_ARC = YES;
				CLANG_ENABLE_OBJC_WEAK = YES;
				CLANG_WARN_BLOCK_CAPTURE_AUTORELEASING = YES;
				CLANG_WARN_BOOL_CONVERSION = YES;
				CLANG_WARN_COMMA = YES;
				CLANG_WARN_CONSTANT_CONVERSION = YES;
				CLANG_WARN_DEPRECATED_OBJC_IMPLEMENTATIONS = YES;
				CLANG_WARN_DIRECT_OBJC_ISA_USAGE = YES_ERROR;
				CLANG_WARN_DOCUMENTATION_COMMENTS = YES;
				CLANG_WARN_EMPTY_BODY = YES;
				CLANG_WARN_ENUM_CONVERSION = YES;
				CLANG_WARN_INFINITE_RECURSION = YES;
				CLANG_WARN_INT_CONVERSION = YES;
				CLANG_WARN_NON_LITERAL_NULL_CONVERSION = YES;
				CLANG_WARN_OBJC_IMPLICIT_RETAIN_SELF = YES;
				CLANG_WARN_OBJC_LITERAL_CONVERSION = YES;
				CLANG_WARN_OBJC_ROOT_CLASS = YES_ERROR;
				CLANG_WARN_QUOTED_INCLUDE_IN_FRAMEWORK_HEADER = YES;
				CLANG_WARN_RANGE_LOOP_ANALYSIS = YES;
				CLANG_WARN_STRICT_PROTOTYPES = YES;
				CLANG_WARN_SUSPICIOUS_MOVE = YES;
				CLANG_WARN_UNGUARDED_AVAILABILITY = YES_AGGRESSIVE;
				CLANG_WARN_UNREACHABLE_CODE = YES;
				CLANG_WARN__DUPLICATE_METHOD_MATCH = YES;
				COPY_PHASE_STRIP = NO;
				DEBUG_INFORMATION_FORMAT = dwarf;
				ENABLE_STRICT_OBJC_MSGSEND = YES;
				ENABLE_TESTABILITY = YES;
				ENABLE_USER_SCRIPT_SANDBOXING = YES;
				GCC_C_LANGUAGE_STANDARD = gnu17;
				GCC_DYNAMIC_NO_PIC = NO;
				GCC_NO_COMMON_BLOCKS = YES;
				GCC_OPTIMIZATION_LEVEL = 0;
				GCC_PREPROCESSOR_DEFINITIONS = (
					"DEBUG=1",
					"$(inherited)",
				);
				GCC_WARN_64_TO_32_BIT_CONVERSION = YES;
				GCC_WARN_ABOUT_RETURN_TYPE = YES_ERROR;
				GCC_WARN_UNDECLARED_SELECTOR = YES;
				GCC_WARN_UNINITIALIZED_AUTOS = YES_AGGRESSIVE;
				GCC_WARN_UNUSED_FUNCTION = YES;
				GCC_WARN_UNUSED_VARIABLE = YES;
				IPHONEOS_DEPLOYMENT_TARGET = 18.2;
				LOCALIZATION_PREFERS_STRING_CATALOGS = YES;
				MTL_ENABLE_DEBUG_INFO = INCLUDE_SOURCE;
				MTL_FAST_MATH = YES;
				ONLY_ACTIVE_ARCH = YES;
				SDKROOT = iphoneos;
				SWIFT_ACTIVE_COMPILATION_CONDITIONS = "DEBUG $(inherited)";
				SWIFT_OPTIMIZATION_LEVEL = "-Onone";
			};
			name = Debug;
		};
		BFDE99A72DA934CA009F73E9 /* Release */ = {
			isa = XCBuildConfiguration;
			buildSettings = {
				ALWAYS_SEARCH_USER_PATHS = NO;
				ASSETCATALOG_COMPILER_GENERATE_SWIFT_ASSET_SYMBOL_EXTENSIONS = YES;
				CLANG_ANALYZER_NONNULL = YES;
				CLANG_ANALYZER_NUMBER_OBJECT_CONVERSION = YES_AGGRESSIVE;
				CLANG_CXX_LANGUAGE_STANDARD = "gnu++20";
				CLANG_ENABLE_MODULES = YES;
				CLANG_ENABLE_OBJC_ARC = YES;
				CLANG_ENABLE_OBJC_WEAK = YES;
				CLANG_WARN_BLOCK_CAPTURE_AUTORELEASING = YES;
				CLANG_WARN_BOOL_CONVERSION = YES;
				CLANG_WARN_COMMA = YES;
				CLANG_WARN_CONSTANT_CONVERSION = YES;
				CLANG_WARN_DEPRECATED_OBJC_IMPLEMENTATIONS = YES;
				CLANG_WARN_DIRECT_OBJC_ISA_USAGE = YES_ERROR;
				CLANG_WARN_DOCUMENTATION_COMMENTS = YES;
				CLANG_WARN_EMPTY_BODY = YES;
				CLANG_WARN_ENUM_CONVERSION = YES;
				CLANG_WARN_INFINITE_RECURSION = YES;
				CLANG_WARN_INT_CONVERSION = YES;
				CLANG_WARN_NON_LITERAL_NULL_CONVERSION = YES;
				CLANG_WARN_OBJC_IMPLICIT_RETAIN_SELF = YES;
				CLANG_WARN_OBJC_LITERAL_CONVERSION = YES;
				CLANG_WARN_OBJC_ROOT_CLASS = YES_ERROR;
				CLANG_WARN_QUOTED_INCLUDE_IN_FRAMEWORK_HEADER = YES;
				CLANG_WARN_RANGE_LOOP_ANALYSIS = YES;
				CLANG_WARN_STRICT_PROTOTYPES = YES;
				CLANG_WARN_SUSPICIOUS_MOVE = YES;
				CLANG_WARN_UNGUARDED_AVAILABILITY = YES_AGGRESSIVE;
				CLANG_WARN_UNREACHABLE_CODE = YES;
				CLANG_WARN__DUPLICATE_METHOD_MATCH = YES;
				COPY_PHASE_STRIP = NO;
				DEBUG_INFORMATION_FORMAT = "dwarf-with-dsym";
				ENABLE_NS_ASSERTIONS = NO;
				ENABLE_STRICT_OBJC_MSGSEND = YES;
				ENABLE_USER_SCRIPT_SANDBOXING = YES;
				GCC_C_LANGUAGE_STANDARD = gnu17;
				GCC_NO_COMMON_BLOCKS = YES;
				GCC_WARN_64_TO_32_BIT_CONVERSION = YES;
				GCC_WARN_ABOUT_RETURN_TYPE = YES_ERROR;
				GCC_WARN_UNDECLARED_SELECTOR = YES;
				GCC_WARN_UNINITIALIZED_AUTOS = YES_AGGRESSIVE;
				GCC_WARN_UNUSED_FUNCTION = YES;
				GCC_WARN_UNUSED_VARIABLE = YES;
				IPHONEOS_DEPLOYMENT_TARGET = 18.2;
				LOCALIZATION_PREFERS_STRING_CATALOGS = YES;
				MTL_ENABLE_DEBUG_INFO = NO;
				MTL_FAST_MATH = YES;
				SDKROOT = iphoneos;
				SWIFT_COMPILATION_MODE = wholemodule;
				VALIDATE_PRODUCT = YES;
			};
			name = Release;
		};
		BFDE99A92DA934CA009F73E9 /* Debug */ = {
			isa = XCBuildConfiguration;
			buildSettings = {
				ASSETCATALOG_COMPILER_APPICON_NAME = AppIcon;
				ASSETCATALOG_COMPILER_GLOBAL_ACCENT_COLOR_NAME = AccentColor;
				CODE_SIGN_STYLE = Automatic;
				CURRENT_PROJECT_VERSION = 1;
				DEVELOPMENT_ASSET_PATHS = "\"Sports-Sync-App/Preview Content\"";
				DEVELOPMENT_TEAM = MYG92X5P93;
				ENABLE_PREVIEWS = YES;
				GENERATE_INFOPLIST_FILE = YES;
				INFOPLIST_KEY_UIApplicationSceneManifest_Generation = YES;
				INFOPLIST_KEY_UIApplicationSupportsIndirectInputEvents = YES;
				INFOPLIST_KEY_UILaunchScreen_Generation = YES;
				INFOPLIST_KEY_UISupportedInterfaceOrientations_iPad = "UIInterfaceOrientationPortrait UIInterfaceOrientationPortraitUpsideDown UIInterfaceOrientationLandscapeLeft UIInterfaceOrientationLandscapeRight";
				INFOPLIST_KEY_UISupportedInterfaceOrientations_iPhone = "UIInterfaceOrientationPortrait UIInterfaceOrientationLandscapeLeft UIInterfaceOrientationLandscapeRight";
				LD_RUNPATH_SEARCH_PATHS = (
					"$(inherited)",
					"@executable_path/Frameworks",
				);
				MARKETING_VERSION = 1.0;
				PRODUCT_BUNDLE_IDENTIFIER = "Aryan-QL.Sports-Sync-App";
				PRODUCT_NAME = "$(TARGET_NAME)";
				SWIFT_EMIT_LOC_STRINGS = YES;
				SWIFT_VERSION = 5.0;
				TARGETED_DEVICE_FAMILY = "1,2";
			};
			name = Debug;
		};
		BFDE99AA2DA934CA009F73E9 /* Release */ = {
			isa = XCBuildConfiguration;
			buildSettings = {
				ASSETCATALOG_COMPILER_APPICON_NAME = AppIcon;
				ASSETCATALOG_COMPILER_GLOBAL_ACCENT_COLOR_NAME = AccentColor;
				CODE_SIGN_STYLE = Automatic;
				CURRENT_PROJECT_VERSION = 1;
				DEVELOPMENT_ASSET_PATHS = "\"Sports-Sync-App/Preview Content\"";
				DEVELOPMENT_TEAM = MYG92X5P93;
				ENABLE_PREVIEWS = YES;
				GENERATE_INFOPLIST_FILE = YES;
				INFOPLIST_KEY_UIApplicationSceneManifest_Generation = YES;
				INFOPLIST_KEY_UIApplicationSupportsIndirectInputEvents = YES;
				INFOPLIST_KEY_UILaunchScreen_Generation = YES;
				INFOPLIST_KEY_UISupportedInterfaceOrientations_iPad = "UIInterfaceOrientationPortrait UIInterfaceOrientationPortraitUpsideDown UIInterfaceOrientationLandscapeLeft UIInterfaceOrientationLandscapeRight";
				INFOPLIST_KEY_UISupportedInterfaceOrientations_iPhone = "UIInterfaceOrientationPortrait UIInterfaceOrientationLandscapeLeft UIInterfaceOrientationLandscapeRight";
				LD_RUNPATH_SEARCH_PATHS = (
					"$(inherited)",
					"@executable_path/Frameworks",
				);
				MARKETING_VERSION = 1.0;
				PRODUCT_BUNDLE_IDENTIFIER = "Aryan-QL.Sports-Sync-App";
				PRODUCT_NAME = "$(TARGET_NAME)";
				SWIFT_EMIT_LOC_STRINGS = YES;
				SWIFT_VERSION = 5.0;
				TARGETED_DEVICE_FAMILY = "1,2";
			};
			name = Release;
		};
		BFDE99AC2DA934CA009F73E9 /* Debug */ = {
			isa = XCBuildConfiguration;
			buildSettings = {
				BUNDLE_LOADER = "$(TEST_HOST)";
				CODE_SIGN_STYLE = Automatic;
				CURRENT_PROJECT_VERSION = 1;
				DEVELOPMENT_TEAM = MYG92X5P93;
				GENERATE_INFOPLIST_FILE = YES;
				IPHONEOS_DEPLOYMENT_TARGET = 18.2;
				MARKETING_VERSION = 1.0;
				PRODUCT_BUNDLE_IDENTIFIER = "Aryan-QL.Sports-Sync-AppTests";
				PRODUCT_NAME = "$(TARGET_NAME)";
				SWIFT_EMIT_LOC_STRINGS = NO;
				SWIFT_VERSION = 5.0;
				TARGETED_DEVICE_FAMILY = "1,2";
				TEST_HOST = "$(BUILT_PRODUCTS_DIR)/Sports-Sync-App.app/$(BUNDLE_EXECUTABLE_FOLDER_PATH)/Sports-Sync-App";
			};
			name = Debug;
		};
		BFDE99AD2DA934CA009F73E9 /* Release */ = {
			isa = XCBuildConfiguration;
			buildSettings = {
				BUNDLE_LOADER = "$(TEST_HOST)";
				CODE_SIGN_STYLE = Automatic;
				CURRENT_PROJECT_VERSION = 1;
				DEVELOPMENT_TEAM = MYG92X5P93;
				GENERATE_INFOPLIST_FILE = YES;
				IPHONEOS_DEPLOYMENT_TARGET = 18.2;
				MARKETING_VERSION = 1.0;
				PRODUCT_BUNDLE_IDENTIFIER = "Aryan-QL.Sports-Sync-AppTests";
				PRODUCT_NAME = "$(TARGET_NAME)";
				SWIFT_EMIT_LOC_STRINGS = NO;
				SWIFT_VERSION = 5.0;
				TARGETED_DEVICE_FAMILY = "1,2";
				TEST_HOST = "$(BUILT_PRODUCTS_DIR)/Sports-Sync-App.app/$(BUNDLE_EXECUTABLE_FOLDER_PATH)/Sports-Sync-App";
			};
			name = Release;
		};
		BFDE99AF2DA934CA009F73E9 /* Debug */ = {
			isa = XCBuildConfiguration;
			buildSettings = {
				CODE_SIGN_STYLE = Automatic;
				CURRENT_PROJECT_VERSION = 1;
				DEVELOPMENT_TEAM = MYG92X5P93;
				GENERATE_INFOPLIST_FILE = YES;
				MARKETING_VERSION = 1.0;
				PRODUCT_BUNDLE_IDENTIFIER = "Aryan-QL.Sports-Sync-AppUITests";
				PRODUCT_NAME = "$(TARGET_NAME)";
				SWIFT_EMIT_LOC_STRINGS = NO;
				SWIFT_VERSION = 5.0;
				TARGETED_DEVICE_FAMILY = "1,2";
				TEST_TARGET_NAME = "Sports-Sync-App";
			};
			name = Debug;
		};
		BFDE99B02DA934CA009F73E9 /* Release */ = {
			isa = XCBuildConfiguration;
			buildSettings = {
				CODE_SIGN_STYLE = Automatic;
				CURRENT_PROJECT_VERSION = 1;
				DEVELOPMENT_TEAM = MYG92X5P93;
				GENERATE_INFOPLIST_FILE = YES;
				MARKETING_VERSION = 1.0;
				PRODUCT_BUNDLE_IDENTIFIER = "Aryan-QL.Sports-Sync-AppUITests";
				PRODUCT_NAME = "$(TARGET_NAME)";
				SWIFT_EMIT_LOC_STRINGS = NO;
				SWIFT_VERSION = 5.0;
				TARGETED_DEVICE_FAMILY = "1,2";
				TEST_TARGET_NAME = "Sports-Sync-App";
			};
			name = Release;
		};
/* End XCBuildConfiguration section */

/* Begin XCConfigurationList section */
		BFDE997F2DA934C9009F73E9 /* Build configuration list for PBXProject "Sports-Sync-App" */ = {
			isa = XCConfigurationList;
			buildConfigurations = (
				BFDE99A62DA934CA009F73E9 /* Debug */,
				BFDE99A72DA934CA009F73E9 /* Release */,
			);
			defaultConfigurationIsVisible = 0;
			defaultConfigurationName = Release;
		};
		BFDE99A82DA934CA009F73E9 /* Build configuration list for PBXNativeTarget "Sports-Sync-App" */ = {
			isa = XCConfigurationList;
			buildConfigurations = (
				BFDE99A92DA934CA009F73E9 /* Debug */,
				BFDE99AA2DA934CA009F73E9 /* Release */,
			);
			defaultConfigurationIsVisible = 0;
			defaultConfigurationName = Release;
		};
		BFDE99AB2DA934CA009F73E9 /* Build configuration list for PBXNativeTarget "Sports-Sync-AppTests" */ = {
			isa = XCConfigurationList;
			buildConfigurations = (
				BFDE99AC2DA934CA009F73E9 /* Debug */,
				BFDE99AD2DA934CA009F73E9 /* Release */,
			);
			defaultConfigurationIsVisible = 0;
			defaultConfigurationName = Release;
		};
		BFDE99AE2DA934CA009F73E9 /* Build configuration list for PBXNativeTarget "Sports-Sync-AppUITests" */ = {
			isa = XCConfigurationList;
			buildConfigurations = (
				BFDE99AF2DA934CA009F73E9 /* Debug */,
				BFDE99B02DA934CA009F73E9 /* Release */,
			);
			defaultConfigurationIsVisible = 0;
			defaultConfigurationName = Release;
		};
/* End XCConfigurationList section */
	};
	rootObject = BFDE997C2DA934C9009F73E9 /* Project object */;
}
