// !$*UTF8*$!
{
	archiveVersion = 1;
	classes = {
	};
	objectVersion = 77;
	objects = {

/* Begin PBXContainerItemProxy section */
		BF15055B2D9FB7AF009C0311 /* PBXContainerItemProxy */ = {
			isa = PBXContainerItemProxy;
			containerPortal = BF1505422D9FB7AD009C0311 /* Project object */;
			proxyType = 1;
			remoteGlobalIDString = BF1505492D9FB7AD009C0311;
			remoteInfo = "Module3-Task-5-UserAuth";
		};
		BF1505652D9FB7AF009C0311 /* PBXContainerItemProxy */ = {
			isa = PBXContainerItemProxy;
			containerPortal = BF1505422D9FB7AD009C0311 /* Project object */;
			proxyType = 1;
			remoteGlobalIDString = BF1505492D9FB7AD009C0311;
			remoteInfo = "Module3-Task-5-UserAuth";
		};
/* End PBXContainerItemProxy section */

/* Begin PBXFileReference section */
		BF15054A2D9FB7AD009C0311 /* Module3-Task-5-UserAuth.app */ = {isa = PBXFileReference; explicitFileType = wrapper.application; includeInIndex = 0; path = "Module3-Task-5-UserAuth.app"; sourceTree = BUILT_PRODUCTS_DIR; };
		BF15055A2D9FB7AF009C0311 /* Module3-Task-5-UserAuthTests.xctest */ = {isa = PBXFileReference; explicitFileType = wrapper.cfbundle; includeInIndex = 0; path = "Module3-Task-5-UserAuthTests.xctest"; sourceTree = BUILT_PRODUCTS_DIR; };
		BF1505642D9FB7AF009C0311 /* Module3-Task-5-UserAuthUITests.xctest */ = {isa = PBXFileReference; explicitFileType = wrapper.cfbundle; includeInIndex = 0; path = "Module3-Task-5-UserAuthUITests.xctest"; sourceTree = BUILT_PRODUCTS_DIR; };
/* End PBXFileReference section */

/* Begin PBXFileSystemSynchronizedRootGroup section */
		BF15054C2D9FB7AD009C0311 /* Module3-Task-5-UserAuth */ = {
			isa = PBXFileSystemSynchronizedRootGroup;
			path = "Module3-Task-5-UserAuth";
			sourceTree = "<group>";
		};
		BF15055D2D9FB7AF009C0311 /* Module3-Task-5-UserAuthTests */ = {
			isa = PBXFileSystemSynchronizedRootGroup;
			path = "Module3-Task-5-UserAuthTests";
			sourceTree = "<group>";
		};
		BF1505672D9FB7AF009C0311 /* Module3-Task-5-UserAuthUITests */ = {
			isa = PBXFileSystemSynchronizedRootGroup;
			path = "Module3-Task-5-UserAuthUITests";
			sourceTree = "<group>";
		};
/* End PBXFileSystemSynchronizedRootGroup section */

/* Begin PBXFrameworksBuildPhase section */
		BF1505472D9FB7AD009C0311 /* Frameworks */ = {
			isa = PBXFrameworksBuildPhase;
			buildActionMask = 2147483647;
			files = (
			);
			runOnlyForDeploymentPostprocessing = 0;
		};
		BF1505572D9FB7AF009C0311 /* Frameworks */ = {
			isa = PBXFrameworksBuildPhase;
			buildActionMask = 2147483647;
			files = (
			);
			runOnlyForDeploymentPostprocessing = 0;
		};
		BF1505612D9FB7AF009C0311 /* Frameworks */ = {
			isa = PBXFrameworksBuildPhase;
			buildActionMask = 2147483647;
			files = (
			);
			runOnlyForDeploymentPostprocessing = 0;
		};
/* End PBXFrameworksBuildPhase section */

/* Begin PBXGroup section */
		BF1505412D9FB7AD009C0311 = {
			isa = PBXGroup;
			children = (
				BF15054C2D9FB7AD009C0311 /* Module3-Task-5-UserAuth */,
				BF15055D2D9FB7AF009C0311 /* Module3-Task-5-UserAuthTests */,
				BF1505672D9FB7AF009C0311 /* Module3-Task-5-UserAuthUITests */,
				BF15054B2D9FB7AD009C0311 /* Products */,
			);
			sourceTree = "<group>";
		};
		BF15054B2D9FB7AD009C0311 /* Products */ = {
			isa = PBXGroup;
			children = (
				BF15054A2D9FB7AD009C0311 /* Module3-Task-5-UserAuth.app */,
				BF15055A2D9FB7AF009C0311 /* Module3-Task-5-UserAuthTests.xctest */,
				BF1505642D9FB7AF009C0311 /* Module3-Task-5-UserAuthUITests.xctest */,
			);
			name = Products;
			sourceTree = "<group>";
		};
/* End PBXGroup section */

/* Begin PBXNativeTarget section */
		BF1505492D9FB7AD009C0311 /* Module3-Task-5-UserAuth */ = {
			isa = PBXNativeTarget;
			buildConfigurationList = BF15056E2D9FB7AF009C0311 /* Build configuration list for PBXNativeTarget "Module3-Task-5-UserAuth" */;
			buildPhases = (
				BF1505462D9FB7AD009C0311 /* Sources */,
				BF1505472D9FB7AD009C0311 /* Frameworks */,
				BF1505482D9FB7AD009C0311 /* Resources */,
			);
			buildRules = (
			);
			dependencies = (
			);
			fileSystemSynchronizedGroups = (
				BF15054C2D9FB7AD009C0311 /* Module3-Task-5-UserAuth */,
			);
			name = "Module3-Task-5-UserAuth";
			packageProductDependencies = (
			);
			productName = "Module3-Task-5-UserAuth";
			productReference = BF15054A2D9FB7AD009C0311 /* Module3-Task-5-UserAuth.app */;
			productType = "com.apple.product-type.application";
		};
		BF1505592D9FB7AF009C0311 /* Module3-Task-5-UserAuthTests */ = {
			isa = PBXNativeTarget;
			buildConfigurationList = BF1505712D9FB7AF009C0311 /* Build configuration list for PBXNativeTarget "Module3-Task-5-UserAuthTests" */;
			buildPhases = (
				BF1505562D9FB7AF009C0311 /* Sources */,
				BF1505572D9FB7AF009C0311 /* Frameworks */,
				BF1505582D9FB7AF009C0311 /* Resources */,
			);
			buildRules = (
			);
			dependencies = (
				BF15055C2D9FB7AF009C0311 /* PBXTargetDependency */,
			);
			fileSystemSynchronizedGroups = (
				BF15055D2D9FB7AF009C0311 /* Module3-Task-5-UserAuthTests */,
			);
			name = "Module3-Task-5-UserAuthTests";
			packageProductDependencies = (
			);
			productName = "Module3-Task-5-UserAuthTests";
			productReference = BF15055A2D9FB7AF009C0311 /* Module3-Task-5-UserAuthTests.xctest */;
			productType = "com.apple.product-type.bundle.unit-test";
		};
		BF1505632D9FB7AF009C0311 /* Module3-Task-5-UserAuthUITests */ = {
			isa = PBXNativeTarget;
			buildConfigurationList = BF1505742D9FB7AF009C0311 /* Build configuration list for PBXNativeTarget "Module3-Task-5-UserAuthUITests" */;
			buildPhases = (
				BF1505602D9FB7AF009C0311 /* Sources */,
				BF1505612D9FB7AF009C0311 /* Frameworks */,
				BF1505622D9FB7AF009C0311 /* Resources */,
			);
			buildRules = (
			);
			dependencies = (
				BF1505662D9FB7AF009C0311 /* PBXTargetDependency */,
			);
			fileSystemSynchronizedGroups = (
				BF1505672D9FB7AF009C0311 /* Module3-Task-5-UserAuthUITests */,
			);
			name = "Module3-Task-5-UserAuthUITests";
			packageProductDependencies = (
			);
			productName = "Module3-Task-5-UserAuthUITests";
			productReference = BF1505642D9FB7AF009C0311 /* Module3-Task-5-UserAuthUITests.xctest */;
			productType = "com.apple.product-type.bundle.ui-testing";
		};
/* End PBXNativeTarget section */

/* Begin PBXProject section */
		BF1505422D9FB7AD009C0311 /* Project object */ = {
			isa = PBXProject;
			attributes = {
				BuildIndependentTargetsInParallel = 1;
				LastSwiftUpdateCheck = 1620;
				LastUpgradeCheck = 1620;
				TargetAttributes = {
					BF1505492D9FB7AD009C0311 = {
						CreatedOnToolsVersion = 16.2;
					};
					BF1505592D9FB7AF009C0311 = {
						CreatedOnToolsVersion = 16.2;
						TestTargetID = BF1505492D9FB7AD009C0311;
					};
					BF1505632D9FB7AF009C0311 = {
						CreatedOnToolsVersion = 16.2;
						TestTargetID = BF1505492D9FB7AD009C0311;
					};
				};
			};
			buildConfigurationList = BF1505452D9FB7AD009C0311 /* Build configuration list for PBXProject "Module3-Task-5-UserAuth" */;
			developmentRegion = en;
			hasScannedForEncodings = 0;
			knownRegions = (
				en,
				Base,
			);
			mainGroup = BF1505412D9FB7AD009C0311;
			minimizedProjectReferenceProxies = 1;
			preferredProjectObjectVersion = 77;
			productRefGroup = BF15054B2D9FB7AD009C0311 /* Products */;
			projectDirPath = "";
			projectRoot = "";
			targets = (
				BF1505492D9FB7AD009C0311 /* Module3-Task-5-UserAuth */,
				BF1505592D9FB7AF009C0311 /* Module3-Task-5-UserAuthTests */,
				BF1505632D9FB7AF009C0311 /* Module3-Task-5-UserAuthUITests */,
			);
		};
/* End PBXProject section */

/* Begin PBXResourcesBuildPhase section */
		BF1505482D9FB7AD009C0311 /* Resources */ = {
			isa = PBXResourcesBuildPhase;
			buildActionMask = 2147483647;
			files = (
			);
			runOnlyForDeploymentPostprocessing = 0;
		};
		BF1505582D9FB7AF009C0311 /* Resources */ = {
			isa = PBXResourcesBuildPhase;
			buildActionMask = 2147483647;
			files = (
			);
			runOnlyForDeploymentPostprocessing = 0;
		};
		BF1505622D9FB7AF009C0311 /* Resources */ = {
			isa = PBXResourcesBuildPhase;
			buildActionMask = 2147483647;
			files = (
			);
			runOnlyForDeploymentPostprocessing = 0;
		};
/* End PBXResourcesBuildPhase section */

/* Begin PBXSourcesBuildPhase section */
		BF1505462D9FB7AD009C0311 /* Sources */ = {
			isa = PBXSourcesBuildPhase;
			buildActionMask = 2147483647;
			files = (
			);
			runOnlyForDeploymentPostprocessing = 0;
		};
		BF1505562D9FB7AF009C0311 /* Sources */ = {
			isa = PBXSourcesBuildPhase;
			buildActionMask = 2147483647;
			files = (
			);
			runOnlyForDeploymentPostprocessing = 0;
		};
		BF1505602D9FB7AF009C0311 /* Sources */ = {
			isa = PBXSourcesBuildPhase;
			buildActionMask = 2147483647;
			files = (
			);
			runOnlyForDeploymentPostprocessing = 0;
		};
/* End PBXSourcesBuildPhase section */

/* Begin PBXTargetDependency section */
		BF15055C2D9FB7AF009C0311 /* PBXTargetDependency */ = {
			isa = PBXTargetDependency;
			target = BF1505492D9FB7AD009C0311 /* Module3-Task-5-UserAuth */;
			targetProxy = BF15055B2D9FB7AF009C0311 /* PBXContainerItemProxy */;
		};
		BF1505662D9FB7AF009C0311 /* PBXTargetDependency */ = {
			isa = PBXTargetDependency;
			target = BF1505492D9FB7AD009C0311 /* Module3-Task-5-UserAuth */;
			targetProxy = BF1505652D9FB7AF009C0311 /* PBXContainerItemProxy */;
		};
/* End PBXTargetDependency section */

/* Begin XCBuildConfiguration section */
		BF15056C2D9FB7AF009C0311 /* Debug */ = {
			isa = XCBuildConfiguration;
			buildSettings = {
				ALWAYS_SEARCH_USER_PATHS = NO;
				ASSETCATALOG_COMPILER_GENERATE_SWIFT_ASSET_SYMBOL_EXTENSIONS = YES;
				CLANG_ANALYZER_NONNULL = YES;
				CLANG_ANALYZER_NUMBER_OBJECT_CONVERSION = YES_AGGRESSIVE;
				CLANG_CXX_LANGUAGE_STANDARD = "gnu++20";
				CLANG_ENABLE_MODULES = YES;
				CLANG_ENABLE_OBJC_ARC = YES;
				CLANG_ENABLE_OBJC_WEAK = YES;
				CLANG_WARN_BLOCK_CAPTURE_AUTORELEASING = YES;
				CLANG_WARN_BOOL_CONVERSION = YES;
				CLANG_WARN_COMMA = YES;
				CLANG_WARN_CONSTANT_CONVERSION = YES;
				CLANG_WARN_DEPRECATED_OBJC_IMPLEMENTATIONS = YES;
				CLANG_WARN_DIRECT_OBJC_ISA_USAGE = YES_ERROR;
				CLANG_WARN_DOCUMENTATION_COMMENTS = YES;
				CLANG_WARN_EMPTY_BODY = YES;
				CLANG_WARN_ENUM_CONVERSION = YES;
				CLANG_WARN_INFINITE_RECURSION = YES;
				CLANG_WARN_INT_CONVERSION = YES;
				CLANG_WARN_NON_LITERAL_NULL_CONVERSION = YES;
				CLANG_WARN_OBJC_IMPLICIT_RETAIN_SELF = YES;
				CLANG_WARN_OBJC_LITERAL_CONVERSION = YES;
				CLANG_WARN_OBJC_ROOT_CLASS = YES_ERROR;
				CLANG_WARN_QUOTED_INCLUDE_IN_FRAMEWORK_HEADER = YES;
				CLANG_WARN_RANGE_LOOP_ANALYSIS = YES;
				CLANG_WARN_STRICT_PROTOTYPES = YES;
				CLANG_WARN_SUSPICIOUS_MOVE = YES;
				CLANG_WARN_UNGUARDED_AVAILABILITY = YES_AGGRESSIVE;
				CLANG_WARN_UNREACHABLE_CODE = YES;
				CLANG_WARN__DUPLICATE_METHOD_MATCH = YES;
				COPY_PHASE_STRIP = NO;
				DEBUG_INFORMATION_FORMAT = dwarf;
				ENABLE_STRICT_OBJC_MSGSEND = YES;
				ENABLE_TESTABILITY = YES;
				ENABLE_USER_SCRIPT_SANDBOXING = YES;
				GCC_C_LANGUAGE_STANDARD = gnu17;
				GCC_DYNAMIC_NO_PIC = NO;
				GCC_NO_COMMON_BLOCKS = YES;
				GCC_OPTIMIZATION_LEVEL = 0;
				GCC_PREPROCESSOR_DEFINITIONS = (
					"DEBUG=1",
					"$(inherited)",
				);
				GCC_WARN_64_TO_32_BIT_CONVERSION = YES;
				GCC_WARN_ABOUT_RETURN_TYPE = YES_ERROR;
				GCC_WARN_UNDECLARED_SELECTOR = YES;
				GCC_WARN_UNINITIALIZED_AUTOS = YES_AGGRESSIVE;
				GCC_WARN_UNUSED_FUNCTION = YES;
				GCC_WARN_UNUSED_VARIABLE = YES;
				IPHONEOS_DEPLOYMENT_TARGET = 18.2;
				LOCALIZATION_PREFERS_STRING_CATALOGS = YES;
				MTL_ENABLE_DEBUG_INFO = INCLUDE_SOURCE;
				MTL_FAST_MATH = YES;
				ONLY_ACTIVE_ARCH = YES;
				SDKROOT = iphoneos;
				SWIFT_ACTIVE_COMPILATION_CONDITIONS = "DEBUG $(inherited)";
				SWIFT_OPTIMIZATION_LEVEL = "-Onone";
			};
			name = Debug;
		};
		BF15056D2D9FB7AF009C0311 /* Release */ = {
			isa = XCBuildConfiguration;
			buildSettings = {
				ALWAYS_SEARCH_USER_PATHS = NO;
				ASSETCATALOG_COMPILER_GENERATE_SWIFT_ASSET_SYMBOL_EXTENSIONS = YES;
				CLANG_ANALYZER_NONNULL = YES;
				CLANG_ANALYZER_NUMBER_OBJECT_CONVERSION = YES_AGGRESSIVE;
				CLANG_CXX_LANGUAGE_STANDARD = "gnu++20";
				CLANG_ENABLE_MODULES = YES;
				CLANG_ENABLE_OBJC_ARC = YES;
				CLANG_ENABLE_OBJC_WEAK = YES;
				CLANG_WARN_BLOCK_CAPTURE_AUTORELEASING = YES;
				CLANG_WARN_BOOL_CONVERSION = YES;
				CLANG_WARN_COMMA = YES;
				CLANG_WARN_CONSTANT_CONVERSION = YES;
				CLANG_WARN_DEPRECATED_OBJC_IMPLEMENTATIONS = YES;
				CLANG_WARN_DIRECT_OBJC_ISA_USAGE = YES_ERROR;
				CLANG_WARN_DOCUMENTATION_COMMENTS = YES;
				CLANG_WARN_EMPTY_BODY = YES;
				CLANG_WARN_ENUM_CONVERSION = YES;
				CLANG_WARN_INFINITE_RECURSION = YES;
				CLANG_WARN_INT_CONVERSION = YES;
				CLANG_WARN_NON_LITERAL_NULL_CONVERSION = YES;
				CLANG_WARN_OBJC_IMPLICIT_RETAIN_SELF = YES;
				CLANG_WARN_OBJC_LITERAL_CONVERSION = YES;
				CLANG_WARN_OBJC_ROOT_CLASS = YES_ERROR;
				CLANG_WARN_QUOTED_INCLUDE_IN_FRAMEWORK_HEADER = YES;
				CLANG_WARN_RANGE_LOOP_ANALYSIS = YES;
				CLANG_WARN_STRICT_PROTOTYPES = YES;
				CLANG_WARN_SUSPICIOUS_MOVE = YES;
				CLANG_WARN_UNGUARDED_AVAILABILITY = YES_AGGRESSIVE;
				CLANG_WARN_UNREACHABLE_CODE = YES;
				CLANG_WARN__DUPLICATE_METHOD_MATCH = YES;
				COPY_PHASE_STRIP = NO;
				DEBUG_INFORMATION_FORMAT = "dwarf-with-dsym";
				ENABLE_NS_ASSERTIONS = NO;
				ENABLE_STRICT_OBJC_MSGSEND = YES;
				ENABLE_USER_SCRIPT_SANDBOXING = YES;
				GCC_C_LANGUAGE_STANDARD = gnu17;
				GCC_NO_COMMON_BLOCKS = YES;
				GCC_WARN_64_TO_32_BIT_CONVERSION = YES;
				GCC_WARN_ABOUT_RETURN_TYPE = YES_ERROR;
				GCC_WARN_UNDECLARED_SELECTOR = YES;
				GCC_WARN_UNINITIALIZED_AUTOS = YES_AGGRESSIVE;
				GCC_WARN_UNUSED_FUNCTION = YES;
				GCC_WARN_UNUSED_VARIABLE = YES;
				IPHONEOS_DEPLOYMENT_TARGET = 18.2;
				LOCALIZATION_PREFERS_STRING_CATALOGS = YES;
				MTL_ENABLE_DEBUG_INFO = NO;
				MTL_FAST_MATH = YES;
				SDKROOT = iphoneos;
				SWIFT_COMPILATION_MODE = wholemodule;
				VALIDATE_PRODUCT = YES;
			};
			name = Release;
		};
		BF15056F2D9FB7AF009C0311 /* Debug */ = {
			isa = XCBuildConfiguration;
			buildSettings = {
				ASSETCATALOG_COMPILER_APPICON_NAME = AppIcon;
				ASSETCATALOG_COMPILER_GLOBAL_ACCENT_COLOR_NAME = AccentColor;
				CODE_SIGN_STYLE = Automatic;
				CURRENT_PROJECT_VERSION = 1;
				DEVELOPMENT_ASSET_PATHS = "\"Module3-Task-5-UserAuth/Preview Content\"";
				DEVELOPMENT_TEAM = MYG92X5P93;
				ENABLE_PREVIEWS = YES;
				GENERATE_INFOPLIST_FILE = YES;
				INFOPLIST_KEY_UIApplicationSceneManifest_Generation = YES;
				INFOPLIST_KEY_UIApplicationSupportsIndirectInputEvents = YES;
				INFOPLIST_KEY_UILaunchScreen_Generation = YES;
				INFOPLIST_KEY_UISupportedInterfaceOrientations_iPad = "UIInterfaceOrientationPortrait UIInterfaceOrientationPortraitUpsideDown UIInterfaceOrientationLandscapeLeft UIInterfaceOrientationLandscapeRight";
				INFOPLIST_KEY_UISupportedInterfaceOrientations_iPhone = "UIInterfaceOrientationPortrait UIInterfaceOrientationLandscapeLeft UIInterfaceOrientationLandscapeRight";
				LD_RUNPATH_SEARCH_PATHS = (
					"$(inherited)",
					"@executable_path/Frameworks",
				);
				MARKETING_VERSION = 1.0;
				PRODUCT_BUNDLE_IDENTIFIER = "Aryan-QL.Module3-Task-5-UserAuth";
				PRODUCT_NAME = "$(TARGET_NAME)";
				SWIFT_EMIT_LOC_STRINGS = YES;
				SWIFT_VERSION = 5.0;
				TARGETED_DEVICE_FAMILY = "1,2";
			};
			name = Debug;
		};
		BF1505702D9FB7AF009C0311 /* Release */ = {
			isa = XCBuildConfiguration;
			buildSettings = {
				ASSETCATALOG_COMPILER_APPICON_NAME = AppIcon;
				ASSETCATALOG_COMPILER_GLOBAL_ACCENT_COLOR_NAME = AccentColor;
				CODE_SIGN_STYLE = Automatic;
				CURRENT_PROJECT_VERSION = 1;
				DEVELOPMENT_ASSET_PATHS = "\"Module3-Task-5-UserAuth/Preview Content\"";
				DEVELOPMENT_TEAM = MYG92X5P93;
				ENABLE_PREVIEWS = YES;
				GENERATE_INFOPLIST_FILE = YES;
				INFOPLIST_KEY_UIApplicationSceneManifest_Generation = YES;
				INFOPLIST_KEY_UIApplicationSupportsIndirectInputEvents = YES;
				INFOPLIST_KEY_UILaunchScreen_Generation = YES;
				INFOPLIST_KEY_UISupportedInterfaceOrientations_iPad = "UIInterfaceOrientationPortrait UIInterfaceOrientationPortraitUpsideDown UIInterfaceOrientationLandscapeLeft UIInterfaceOrientationLandscapeRight";
				INFOPLIST_KEY_UISupportedInterfaceOrientations_iPhone = "UIInterfaceOrientationPortrait UIInterfaceOrientationLandscapeLeft UIInterfaceOrientationLandscapeRight";
				LD_RUNPATH_SEARCH_PATHS = (
					"$(inherited)",
					"@executable_path/Frameworks",
				);
				MARKETING_VERSION = 1.0;
				PRODUCT_BUNDLE_IDENTIFIER = "Aryan-QL.Module3-Task-5-UserAuth";
				PRODUCT_NAME = "$(TARGET_NAME)";
				SWIFT_EMIT_LOC_STRINGS = YES;
				SWIFT_VERSION = 5.0;
				TARGETED_DEVICE_FAMILY = "1,2";
			};
			name = Release;
		};
		BF1505722D9FB7AF009C0311 /* Debug */ = {
			isa = XCBuildConfiguration;
			buildSettings = {
				BUNDLE_LOADER = "$(TEST_HOST)";
				CODE_SIGN_STYLE = Automatic;
				CURRENT_PROJECT_VERSION = 1;
				DEVELOPMENT_TEAM = MYG92X5P93;
				GENERATE_INFOPLIST_FILE = YES;
				IPHONEOS_DEPLOYMENT_TARGET = 18.2;
				MARKETING_VERSION = 1.0;
				PRODUCT_BUNDLE_IDENTIFIER = "Aryan-QL.Module3-Task-5-UserAuthTests";
				PRODUCT_NAME = "$(TARGET_NAME)";
				SWIFT_EMIT_LOC_STRINGS = NO;
				SWIFT_VERSION = 5.0;
				TARGETED_DEVICE_FAMILY = "1,2";
				TEST_HOST = "$(BUILT_PRODUCTS_DIR)/Module3-Task-5-UserAuth.app/$(BUNDLE_EXECUTABLE_FOLDER_PATH)/Module3-Task-5-UserAuth";
			};
			name = Debug;
		};
		BF1505732D9FB7AF009C0311 /* Release */ = {
			isa = XCBuildConfiguration;
			buildSettings = {
				BUNDLE_LOADER = "$(TEST_HOST)";
				CODE_SIGN_STYLE = Automatic;
				CURRENT_PROJECT_VERSION = 1;
				DEVELOPMENT_TEAM = MYG92X5P93;
				GENERATE_INFOPLIST_FILE = YES;
				IPHONEOS_DEPLOYMENT_TARGET = 18.2;
				MARKETING_VERSION = 1.0;
				PRODUCT_BUNDLE_IDENTIFIER = "Aryan-QL.Module3-Task-5-UserAuthTests";
				PRODUCT_NAME = "$(TARGET_NAME)";
				SWIFT_EMIT_LOC_STRINGS = NO;
				SWIFT_VERSION = 5.0;
				TARGETED_DEVICE_FAMILY = "1,2";
				TEST_HOST = "$(BUILT_PRODUCTS_DIR)/Module3-Task-5-UserAuth.app/$(BUNDLE_EXECUTABLE_FOLDER_PATH)/Module3-Task-5-UserAuth";
			};
			name = Release;
		};
		BF1505752D9FB7AF009C0311 /* Debug */ = {
			isa = XCBuildConfiguration;
			buildSettings = {
				CODE_SIGN_STYLE = Automatic;
				CURRENT_PROJECT_VERSION = 1;
				DEVELOPMENT_TEAM = MYG92X5P93;
				GENERATE_INFOPLIST_FILE = YES;
				MARKETING_VERSION = 1.0;
				PRODUCT_BUNDLE_IDENTIFIER = "Aryan-QL.Module3-Task-5-UserAuthUITests";
				PRODUCT_NAME = "$(TARGET_NAME)";
				SWIFT_EMIT_LOC_STRINGS = NO;
				SWIFT_VERSION = 5.0;
				TARGETED_DEVICE_FAMILY = "1,2";
				TEST_TARGET_NAME = "Module3-Task-5-UserAuth";
			};
			name = Debug;
		};
		BF1505762D9FB7AF009C0311 /* Release */ = {
			isa = XCBuildConfiguration;
			buildSettings = {
				CODE_SIGN_STYLE = Automatic;
				CURRENT_PROJECT_VERSION = 1;
				DEVELOPMENT_TEAM = MYG92X5P93;
				GENERATE_INFOPLIST_FILE = YES;
				MARKETING_VERSION = 1.0;
				PRODUCT_BUNDLE_IDENTIFIER = "Aryan-QL.Module3-Task-5-UserAuthUITests";
				PRODUCT_NAME = "$(TARGET_NAME)";
				SWIFT_EMIT_LOC_STRINGS = NO;
				SWIFT_VERSION = 5.0;
				TARGETED_DEVICE_FAMILY = "1,2";
				TEST_TARGET_NAME = "Module3-Task-5-UserAuth";
			};
			name = Release;
		};
/* End XCBuildConfiguration section */

/* Begin XCConfigurationList section */
		BF1505452D9FB7AD009C0311 /* Build configuration list for PBXProject "Module3-Task-5-UserAuth" */ = {
			isa = XCConfigurationList;
			buildConfigurations = (
				BF15056C2D9FB7AF009C0311 /* Debug */,
				BF15056D2D9FB7AF009C0311 /* Release */,
			);
			defaultConfigurationIsVisible = 0;
			defaultConfigurationName = Release;
		};
		BF15056E2D9FB7AF009C0311 /* Build configuration list for PBXNativeTarget "Module3-Task-5-UserAuth" */ = {
			isa = XCConfigurationList;
			buildConfigurations = (
				BF15056F2D9FB7AF009C0311 /* Debug */,
				BF1505702D9FB7AF009C0311 /* Release */,
			);
			defaultConfigurationIsVisible = 0;
			defaultConfigurationName = Release;
		};
		BF1505712D9FB7AF009C0311 /* Build configuration list for PBXNativeTarget "Module3-Task-5-UserAuthTests" */ = {
			isa = XCConfigurationList;
			buildConfigurations = (
				BF1505722D9FB7AF009C0311 /* Debug */,
				BF1505732D9FB7AF009C0311 /* Release */,
			);
			defaultConfigurationIsVisible = 0;
			defaultConfigurationName = Release;
		};
		BF1505742D9FB7AF009C0311 /* Build configuration list for PBXNativeTarget "Module3-Task-5-UserAuthUITests" */ = {
			isa = XCConfigurationList;
			buildConfigurations = (
				BF1505752D9FB7AF009C0311 /* Debug */,
				BF1505762D9FB7AF009C0311 /* Release */,
			);
			defaultConfigurationIsVisible = 0;
			defaultConfigurationName = Release;
		};
/* End XCConfigurationList section */
	};
	rootObject = BF1505422D9FB7AD009C0311 /* Project object */;
}
